
Microsoft Visual Studio Solution File, Format Version 12.00
# Visual Studio Version 17
VisualStudioVersion = 17.9.34622.214
MinimumVisualStudioVersion = 10.0.40219.1
Project("{FAE04EC0-301F-11D3-BF4B-00C04F79EFBC}") = "Authentication.Core", "Authentication.Core\Authentication.Core.csproj", "{71B38EAE-C171-4BE2-B7CB-01A9CCFD45FB}"
EndProject
Project("{FAE04EC0-301F-11D3-BF4B-00C04F79EFBC}") = "Authentication.Api", "Authentication.Api\Authentication.Api.csproj", "{F344394E-678E-4475-A256-3467B204D33B}"
EndProject
Global
	GlobalSection(SolutionConfigurationPlatforms) = preSolution
		Debug|Any CPU = Debug|Any CPU
		Release|Any CPU = Release|Any CPU
	EndGlobalSection
	GlobalSection(ProjectConfigurationPlatforms) = postSolution
		{71B38EAE-C171-4BE2-B7CB-01A9CCFD45FB}.Debug|Any CPU.ActiveCfg = Debug|Any CPU
		{71B38EAE-C171-4BE2-B7CB-01A9CCFD45FB}.Debug|Any CPU.Build.0 = Debug|Any CPU
		{71B38EAE-C171-4BE2-B7CB-01A9CCFD45FB}.Release|Any CPU.ActiveCfg = Release|Any CPU
		{71B38EAE-C171-4BE2-B7CB-01A9CCFD45FB}.Release|Any CPU.Build.0 = Release|Any CPU
		{F344394E-678E-4475-A256-3467B204D33B}.Debug|Any CPU.ActiveCfg = Debug|Any CPU
		{F344394E-678E-4475-A256-3467B204D33B}.Debug|Any CPU.Build.0 = Debug|Any CPU
		{F344394E-678E-4475-A256-3467B204D33B}.Release|Any CPU.ActiveCfg = Release|Any CPU
		{F344394E-678E-4475-A256-3467B204D33B}.Release|Any CPU.Build.0 = Release|Any CPU
	EndGlobalSection
	GlobalSection(SolutionProperties) = preSolution
		HideSolutionNode = FALSE
	EndGlobalSection
	GlobalSection(ExtensibilityGlobals) = postSolution
		SolutionGuid = {DDF59D63-EE56-4DE5-9076-A3A501B06339}
	EndGlobalSection
EndGlobal
